
Microsoft Visual Studio Solution File, Format Version 12.00
# Visual Studio Version 16
VisualStudioVersion = 16.0.30413.136
MinimumVisualStudioVersion = 10.0.40219.1
Project("{9A19103F-16F7-4668-BE54-9A1E7A4F7556}") = "AnimalFactLogger", "AnimalFactLogger\AnimalFactLogger.csproj", "{049F5C97-2C9E-4E6E-8840-4483A832B2EC}"
EndProject
Project("{9A19103F-16F7-4668-BE54-9A1E7A4F7556}") = "AnimalFactConsole", "AnimalFactConsole\AnimalFactConsole.csproj", "{22C202E4-701D-43B0-8212-8AE2B2B17E09}"
EndProject
Project("{9A19103F-16F7-4668-BE54-9A1E7A4F7556}") = "AnimalFactsLib", "AnimalFacts\AnimalFactsLib.csproj", "{ADE97C7F-21ED-4932-B20B-184D7A27BE17}"
EndProject
Project("{9A19103F-16F7-4668-BE54-9A1E7A4F7556}") = "UnitTests", "UnitTests\UnitTests.csproj", "{5776944C-654A-4FD4-BCEE-63D1C717F164}"
EndProject
Project("{FAE04EC0-301F-11D3-BF4B-00C04F79EFBC}") = "AnimalFactLoggerLib", "DataLogger\AnimalFactLoggerLib.csproj", "{7510BD9A-523E-4FCC-99F5-674AD0F63A52}"
EndProject
Global
	GlobalSection(SolutionConfigurationPlatforms) = preSolution
		Debug|Any CPU = Debug|Any CPU
		Release|Any CPU = Release|Any CPU
	EndGlobalSection
	GlobalSection(ProjectConfigurationPlatforms) = postSolution
		{049F5C97-2C9E-4E6E-8840-4483A832B2EC}.Debug|Any CPU.ActiveCfg = Debug|Any CPU
		{049F5C97-2C9E-4E6E-8840-4483A832B2EC}.Debug|Any CPU.Build.0 = Debug|Any CPU
		{049F5C97-2C9E-4E6E-8840-4483A832B2EC}.Release|Any CPU.ActiveCfg = Release|Any CPU
		{049F5C97-2C9E-4E6E-8840-4483A832B2EC}.Release|Any CPU.Build.0 = Release|Any CPU
		{22C202E4-701D-43B0-8212-8AE2B2B17E09}.Debug|Any CPU.ActiveCfg = Debug|Any CPU
		{22C202E4-701D-43B0-8212-8AE2B2B17E09}.Debug|Any CPU.Build.0 = Debug|Any CPU
		{22C202E4-701D-43B0-8212-8AE2B2B17E09}.Release|Any CPU.ActiveCfg = Release|Any CPU
		{22C202E4-701D-43B0-8212-8AE2B2B17E09}.Release|Any CPU.Build.0 = Release|Any CPU
		{ADE97C7F-21ED-4932-B20B-184D7A27BE17}.Debug|Any CPU.ActiveCfg = Debug|Any CPU
		{ADE97C7F-21ED-4932-B20B-184D7A27BE17}.Debug|Any CPU.Build.0 = Debug|Any CPU
		{ADE97C7F-21ED-4932-B20B-184D7A27BE17}.Release|Any CPU.ActiveCfg = Release|Any CPU
		{ADE97C7F-21ED-4932-B20B-184D7A27BE17}.Release|Any CPU.Build.0 = Release|Any CPU
		{5776944C-654A-4FD4-BCEE-63D1C717F164}.Debug|Any CPU.ActiveCfg = Debug|Any CPU
		{5776944C-654A-4FD4-BCEE-63D1C717F164}.Debug|Any CPU.Build.0 = Debug|Any CPU
		{5776944C-654A-4FD4-BCEE-63D1C717F164}.Release|Any CPU.ActiveCfg = Release|Any CPU
		{5776944C-654A-4FD4-BCEE-63D1C717F164}.Release|Any CPU.Build.0 = Release|Any CPU
		{7510BD9A-523E-4FCC-99F5-674AD0F63A52}.Debug|Any CPU.ActiveCfg = Debug|Any CPU
		{7510BD9A-523E-4FCC-99F5-674AD0F63A52}.Debug|Any CPU.Build.0 = Debug|Any CPU
		{7510BD9A-523E-4FCC-99F5-674AD0F63A52}.Release|Any CPU.ActiveCfg = Release|Any CPU
		{7510BD9A-523E-4FCC-99F5-674AD0F63A52}.Release|Any CPU.Build.0 = Release|Any CPU
	EndGlobalSection
	GlobalSection(SolutionProperties) = preSolution
		HideSolutionNode = FALSE
	EndGlobalSection
	GlobalSection(ExtensibilityGlobals) = postSolution
		SolutionGuid = {FBF4FFF4-4A74-499A-BE30-9ACF948BF8FA}
	EndGlobalSection
EndGlobal
